
Microsoft Visual Studio Solution File, Format Version 12.00
# Visual Studio Version 17
VisualStudioVersion = 17.3.32901.215
MinimumVisualStudioVersion = 10.0.40219.1
Project("{FAE04EC0-301F-11D3-BF4B-00C04F79EFBC}") = "EFCoreHomework2", "EFCoreHomework2\EFCoreHomework2.csproj", "{36BCBACD-ECEF-4C27-B449-160137E15331}"
EndProject
Global
	GlobalSection(SolutionConfigurationPlatforms) = preSolution
		Debug|Any CPU = Debug|Any CPU
		Release|Any CPU = Release|Any CPU
	EndGlobalSection
	GlobalSection(ProjectConfigurationPlatforms) = postSolution
		{36BCBACD-ECEF-4C27-B449-160137E15331}.Debug|Any CPU.ActiveCfg = Debug|Any CPU
		{36BCBACD-ECEF-4C27-B449-160137E15331}.Debug|Any CPU.Build.0 = Debug|Any CPU
		{36BCBACD-ECEF-4C27-B449-160137E15331}.Release|Any CPU.ActiveCfg = Release|Any CPU
		{36BCBACD-ECEF-4C27-B449-160137E15331}.Release|Any CPU.Build.0 = Release|Any CPU
	EndGlobalSection
	GlobalSection(SolutionProperties) = preSolution
		HideSolutionNode = FALSE
	EndGlobalSection
	GlobalSection(ExtensibilityGlobals) = postSolution
		SolutionGuid = {58B45F04-D9AD-4BBC-A89F-EEAB5A0E2F71}
	EndGlobalSection
EndGlobal
